
Microsoft Visual Studio Solution File, Format Version 12.00
# Visual Studio Version 16
VisualStudioVersion = 16.0.31424.327
MinimumVisualStudioVersion = 10.0.40219.1
Project("{FAE04EC0-301F-11D3-BF4B-00C04F79EFBC}") = "DebuildLab_4_3", "DebuildLab_4.2\DebuildLab_4_3.csproj", "{8736A021-A860-444C-B9F9-CBBDBC8F2792}"
EndProject
Project("{FAE04EC0-301F-11D3-BF4B-00C04F79EFBC}") = "Lab4_3_TEST", "Lab4_3_TEST\Lab4_3_TEST.csproj", "{CDB726B5-BCFE-4A11-917F-E7F11A0D9DDB}"
EndProject
Global
	GlobalSection(SolutionConfigurationPlatforms) = preSolution
		Debug|Any CPU = Debug|Any CPU
		Release|Any CPU = Release|Any CPU
	EndGlobalSection
	GlobalSection(ProjectConfigurationPlatforms) = postSolution
		{8736A021-A860-444C-B9F9-CBBDBC8F2792}.Debug|Any CPU.ActiveCfg = Debug|Any CPU
		{8736A021-A860-444C-B9F9-CBBDBC8F2792}.Debug|Any CPU.Build.0 = Debug|Any CPU
		{8736A021-A860-444C-B9F9-CBBDBC8F2792}.Release|Any CPU.ActiveCfg = Release|Any CPU
		{8736A021-A860-444C-B9F9-CBBDBC8F2792}.Release|Any CPU.Build.0 = Release|Any CPU
		{CDB726B5-BCFE-4A11-917F-E7F11A0D9DDB}.Debug|Any CPU.ActiveCfg = Debug|Any CPU
		{CDB726B5-BCFE-4A11-917F-E7F11A0D9DDB}.Debug|Any CPU.Build.0 = Debug|Any CPU
		{CDB726B5-BCFE-4A11-917F-E7F11A0D9DDB}.Release|Any CPU.ActiveCfg = Release|Any CPU
		{CDB726B5-BCFE-4A11-917F-E7F11A0D9DDB}.Release|Any CPU.Build.0 = Release|Any CPU
	EndGlobalSection
	GlobalSection(SolutionProperties) = preSolution
		HideSolutionNode = FALSE
	EndGlobalSection
	GlobalSection(ExtensibilityGlobals) = postSolution
		SolutionGuid = {14010641-E7B6-460F-92C3-E2E511F34F74}
	EndGlobalSection
EndGlobal
